PODS:
  - boost (1.76.0)
  - DoubleConversion (1.1.6)
  - FBLazyVector (0.68.7)
  - FBReactNativeSpec (0.68.7):
    - RCT-Folly (= 2021.06.28.00-v2)
    - RCTRequired (= 0.68.7)
    - RCTTypeSafety (= 0.68.7)
    - React-Core (= 0.68.7)
    - React-jsi (= 0.68.7)
    - ReactCommon/turbomodule/core (= 0.68.7)
  - Firebase/CoreOnly (9.2.0):
    - FirebaseCore (= 9.2.0)
  - Firebase/Messaging (9.2.0):
    - Firebase/CoreOnly
    - FirebaseMessaging (~> 9.2.0)
  - FirebaseCore (9.2.0):
    - FirebaseCoreDiagnostics (~> 9.0)
    - FirebaseCoreInternal (~> 9.0)
    - GoogleUtilities/Environment (~> 7.7)
    - GoogleUtilities/Logger (~> 7.7)
  - FirebaseCoreDiagnostics (9.6.0):
    - GoogleDataTransport (< 10.0.0, >= 9.1.4)
    - GoogleUtilities/Environment (~> 7.7)
    - GoogleUtilities/Logger (~> 7.7)
    - nanopb (< 2.30910.0, >= 2.30908.0)
  - FirebaseCoreInternal (9.6.0):
    - "GoogleUtilities/NSData+zlib (~> 7.7)"
  - FirebaseInstallations (9.6.0):
    - FirebaseCore (~> 9.0)
    - GoogleUtilities/Environment (~> 7.7)
    - GoogleUtilities/UserDefaults (~> 7.7)
    - PromisesObjC (~> 2.1)
  - FirebaseMessaging (9.2.0):
    - FirebaseCore (~> 9.0)
    - FirebaseInstallations (~> 9.0)
    - GoogleDataTransport (< 10.0.0, >= 9.1.4)
    - GoogleUtilities/AppDelegateSwizzler (~> 7.7)
    - GoogleUtilities/Environment (~> 7.7)
    - GoogleUtilities/Reachability (~> 7.7)
    - GoogleUtilities/UserDefaults (~> 7.7)
    - nanopb (< 2.30910.0, >= 2.30908.0)
  - fmt (6.2.1)
  - glog (0.3.5)
  - GoogleDataTransport (9.2.1):
    - GoogleUtilities/Environment (~> 7.7)
    - nanopb (< 2.30910.0, >= 2.30908.0)
    - PromisesObjC (< 3.0, >= 1.2)
  - GoogleUtilities/AppDelegateSwizzler (7.11.0):
    - GoogleUtilities/Environment
    - GoogleUtilities/Logger
    - GoogleUtilities/Network
  - GoogleUtilities/Environment (7.11.0):
    - PromisesObjC (< 3.0, >= 1.2)
  - GoogleUtilities/Logger (7.11.0):
    - GoogleUtilities/Environment
  - GoogleUtilities/Network (7.11.0):
    - GoogleUtilities/Logger
    - "GoogleUtilities/NSData+zlib"
    - GoogleUtilities/Reachability
  - "GoogleUtilities/NSData+zlib (7.11.0)"
  - GoogleUtilities/Reachability (7.11.0):
    - GoogleUtilities/Logger
  - GoogleUtilities/UserDefaults (7.11.0):
    - GoogleUtilities/Logger
  - nanopb (2.30909.0):
    - nanopb/decode (= 2.30909.0)
    - nanopb/encode (= 2.30909.0)
  - nanopb/decode (2.30909.0)
  - nanopb/encode (2.30909.0)
  - PromisesObjC (2.2.0)
  - RCT-Folly (2021.06.28.00-v2):
    - boost
    - DoubleConversion
    - fmt (~> 6.2.1)
    - glog
    - RCT-Folly/Default (= 2021.06.28.00-v2)
  - RCT-Folly/Default (2021.06.28.00-v2):
    - boost
    - DoubleConversion
    - fmt (~> 6.2.1)
    - glog
  - RCTRequired (0.68.7)
  - RCTTypeSafety (0.68.7):
    - FBLazyVector (= 0.68.7)
    - RCT-Folly (= 2021.06.28.00-v2)
    - RCTRequired (= 0.68.7)
    - React-Core (= 0.68.7)
  - React (0.68.7):
    - React-Core (= 0.68.7)
    - React-Core/DevSupport (= 0.68.7)
    - React-Core/RCTWebSocket (= 0.68.7)
    - React-RCTActionSheet (= 0.68.7)
    - React-RCTAnimation (= 0.68.7)
    - React-RCTBlob (= 0.68.7)
    - React-RCTImage (= 0.68.7)
    - React-RCTLinking (= 0.68.7)
    - React-RCTNetwork (= 0.68.7)
    - React-RCTSettings (= 0.68.7)
    - React-RCTText (= 0.68.7)
    - React-RCTVibration (= 0.68.7)
  - React-callinvoker (0.68.7)
  - React-Codegen (0.68.7):
    - FBReactNativeSpec (= 0.68.7)
    - RCT-Folly (= 2021.06.28.00-v2)
    - RCTRequired (= 0.68.7)
    - RCTTypeSafety (= 0.68.7)
    - React-Core (= 0.68.7)
    - React-jsi (= 0.68.7)
    - React-jsiexecutor (= 0.68.7)
    - ReactCommon/turbomodule/core (= 0.68.7)
  - React-Core (0.68.7):
    - glog
    - RCT-Folly (= 2021.06.28.00-v2)
    - React-Core/Default (= 0.68.7)
    - React-cxxreact (= 0.68.7)
    - React-jsi (= 0.68.7)
    - React-jsiexecutor (= 0.68.7)
    - React-perflogger (= 0.68.7)
    - Yoga
  - React-Core/CoreModulesHeaders (0.68.7):
    - glog
    - RCT-Folly (= 2021.06.28.00-v2)
    - React-Core/Default
    - React-cxxreact (= 0.68.7)
    - React-jsi (= 0.68.7)
    - React-jsiexecutor (= 0.68.7)
    - React-perflogger (= 0.68.7)
    - Yoga
  - React-Core/Default (0.68.7):
    - glog
    - RCT-Folly (= 2021.06.28.00-v2)
    - React-cxxreact (= 0.68.7)
    - React-jsi (= 0.68.7)
    - React-jsiexecutor (= 0.68.7)
    - React-perflogger (= 0.68.7)
    - Yoga
  - React-Core/DevSupport (0.68.7):
    - glog
    - RCT-Folly (= 2021.06.28.00-v2)
    - React-Core/Default (= 0.68.7)
    - React-Core/RCTWebSocket (= 0.68.7)
    - React-cxxreact (= 0.68.7)
    - React-jsi (= 0.68.7)
    - React-jsiexecutor (= 0.68.7)
    - React-jsinspector (= 0.68.7)
    - React-perflogger (= 0.68.7)
    - Yoga
  - React-Core/RCTActionSheetHeaders (0.68.7):
    - glog
    - RCT-Folly (= 2021.06.28.00-v2)
    - React-Core/Default
    - React-cxxreact (= 0.68.7)
    - React-jsi (= 0.68.7)
    - React-jsiexecutor (= 0.68.7)
    - React-perflogger (= 0.68.7)
    - Yoga
  - React-Core/RCTAnimationHeaders (0.68.7):
    - glog
    - RCT-Folly (= 2021.06.28.00-v2)
    - React-Core/Default
    - React-cxxreact (= 0.68.7)
    - React-jsi (= 0.68.7)
    - React-jsiexecutor (= 0.68.7)
    - React-perflogger (= 0.68.7)
    - Yoga
  - React-Core/RCTBlobHeaders (0.68.7):
    - glog
    - RCT-Folly (= 2021.06.28.00-v2)
    - React-Core/Default
    - React-cxxreact (= 0.68.7)
    - React-jsi (= 0.68.7)
    - React-jsiexecutor (= 0.68.7)
    - React-perflogger (= 0.68.7)
    - Yoga
  - React-Core/RCTImageHeaders (0.68.7):
    - glog
    - RCT-Folly (= 2021.06.28.00-v2)
    - React-Core/Default
    - React-cxxreact (= 0.68.7)
    - React-jsi (= 0.68.7)
    - React-jsiexecutor (= 0.68.7)
    - React-perflogger (= 0.68.7)
    - Yoga
  - React-Core/RCTLinkingHeaders (0.68.7):
    - glog
    - RCT-Folly (= 2021.06.28.00-v2)
    - React-Core/Default
    - React-cxxreact (= 0.68.7)
    - React-jsi (= 0.68.7)
    - React-jsiexecutor (= 0.68.7)
    - React-perflogger (= 0.68.7)
    - Yoga
  - React-Core/RCTNetworkHeaders (0.68.7):
    - glog
    - RCT-Folly (= 2021.06.28.00-v2)
    - React-Core/Default
    - React-cxxreact (= 0.68.7)
    - React-jsi (= 0.68.7)
    - React-jsiexecutor (= 0.68.7)
    - React-perflogger (= 0.68.7)
    - Yoga
  - React-Core/RCTSettingsHeaders (0.68.7):
    - glog
    - RCT-Folly (= 2021.06.28.00-v2)
    - React-Core/Default
    - React-cxxreact (= 0.68.7)
    - React-jsi (= 0.68.7)
    - React-jsiexecutor (= 0.68.7)
    - React-perflogger (= 0.68.7)
    - Yoga
  - React-Core/RCTTextHeaders (0.68.7):
    - glog
    - RCT-Folly (= 2021.06.28.00-v2)
    - React-Core/Default
    - React-cxxreact (= 0.68.7)
    - React-jsi (= 0.68.7)
    - React-jsiexecutor (= 0.68.7)
    - React-perflogger (= 0.68.7)
    - Yoga
  - React-Core/RCTVibrationHeaders (0.68.7):
    - glog
    - RCT-Folly (= 2021.06.28.00-v2)
    - React-Core/Default
    - React-cxxreact (= 0.68.7)
    - React-jsi (= 0.68.7)
    - React-jsiexecutor (= 0.68.7)
    - React-perflogger (= 0.68.7)
    - Yoga
  - React-Core/RCTWebSocket (0.68.7):
    - glog
    - RCT-Folly (= 2021.06.28.00-v2)
    - React-Core/Default (= 0.68.7)
    - React-cxxreact (= 0.68.7)
    - React-jsi (= 0.68.7)
    - React-jsiexecutor (= 0.68.7)
    - React-perflogger (= 0.68.7)
    - Yoga
  - React-CoreModules (0.68.7):
    - RCT-Folly (= 2021.06.28.00-v2)
    - RCTTypeSafety (= 0.68.7)
    - React-Codegen (= 0.68.7)
    - React-Core/CoreModulesHeaders (= 0.68.7)
    - React-jsi (= 0.68.7)
    - React-RCTImage (= 0.68.7)
    - ReactCommon/turbomodule/core (= 0.68.7)
  - React-cxxreact (0.68.7):
    - boost (= 1.76.0)
    - DoubleConversion
    - glog
    - RCT-Folly (= 2021.06.28.00-v2)
    - React-callinvoker (= 0.68.7)
    - React-jsi (= 0.68.7)
    - React-jsinspector (= 0.68.7)
    - React-logger (= 0.68.7)
    - React-perflogger (= 0.68.7)
    - React-runtimeexecutor (= 0.68.7)
  - React-jsi (0.68.7):
    - boost (= 1.76.0)
    - DoubleConversion
    - glog
    - RCT-Folly (= 2021.06.28.00-v2)
    - React-jsi/Default (= 0.68.7)
  - React-jsi/Default (0.68.7):
    - boost (= 1.76.0)
    - DoubleConversion
    - glog
    - RCT-Folly (= 2021.06.28.00-v2)
  - React-jsiexecutor (0.68.7):
    - DoubleConversion
    - glog
    - RCT-Folly (= 2021.06.28.00-v2)
    - React-cxxreact (= 0.68.7)
    - React-jsi (= 0.68.7)
    - React-perflogger (= 0.68.7)
  - React-jsinspector (0.68.7)
  - React-logger (0.68.7):
    - glog
  - react-native-background-timer (2.4.1):
    - React-Core
  - react-native-document-picker (8.1.1):
    - React-Core
  - react-native-geolocation-service (5.3.0):
    - React
  - react-native-get-random-values (1.8.0):
    - React-Core
  - react-native-image-picker (4.8.4):
    - React-Core
  - react-native-safe-area-context (4.2.5):
    - RCT-Folly
    - RCTRequired
    - RCTTypeSafety
    - React
    - ReactCommon/turbomodule/core
  - react-native-webrtc (1.100.1):
    - React-Core
  - react-native-webview (11.18.2):
    - React-Core
  - React-perflogger (0.68.7)
  - React-RCTActionSheet (0.68.7):
    - React-Core/RCTActionSheetHeaders (= 0.68.7)
  - React-RCTAnimation (0.68.7):
    - RCT-Folly (= 2021.06.28.00-v2)
    - RCTTypeSafety (= 0.68.7)
    - React-Codegen (= 0.68.7)
    - React-Core/RCTAnimationHeaders (= 0.68.7)
    - React-jsi (= 0.68.7)
    - ReactCommon/turbomodule/core (= 0.68.7)
  - React-RCTBlob (0.68.7):
    - RCT-Folly (= 2021.06.28.00-v2)
    - React-Codegen (= 0.68.7)
    - React-Core/RCTBlobHeaders (= 0.68.7)
    - React-Core/RCTWebSocket (= 0.68.7)
    - React-jsi (= 0.68.7)
    - React-RCTNetwork (= 0.68.7)
    - ReactCommon/turbomodule/core (= 0.68.7)
  - React-RCTImage (0.68.7):
    - RCT-Folly (= 2021.06.28.00-v2)
    - RCTTypeSafety (= 0.68.7)
    - React-Codegen (= 0.68.7)
    - React-Core/RCTImageHeaders (= 0.68.7)
    - React-jsi (= 0.68.7)
    - React-RCTNetwork (= 0.68.7)
    - ReactCommon/turbomodule/core (= 0.68.7)
  - React-RCTLinking (0.68.7):
    - React-Codegen (= 0.68.7)
    - React-Core/RCTLinkingHeaders (= 0.68.7)
    - React-jsi (= 0.68.7)
    - ReactCommon/turbomodule/core (= 0.68.7)
  - React-RCTNetwork (0.68.7):
    - RCT-Folly (= 2021.06.28.00-v2)
    - RCTTypeSafety (= 0.68.7)
    - React-Codegen (= 0.68.7)
    - React-Core/RCTNetworkHeaders (= 0.68.7)
    - React-jsi (= 0.68.7)
    - ReactCommon/turbomodule/core (= 0.68.7)
  - React-RCTSettings (0.68.7):
    - RCT-Folly (= 2021.06.28.00-v2)
    - RCTTypeSafety (= 0.68.7)
    - React-Codegen (= 0.68.7)
    - React-Core/RCTSettingsHeaders (= 0.68.7)
    - React-jsi (= 0.68.7)
    - ReactCommon/turbomodule/core (= 0.68.7)
  - React-RCTText (0.68.7):
    - React-Core/RCTTextHeaders (= 0.68.7)
  - React-RCTVibration (0.68.7):
    - RCT-Folly (= 2021.06.28.00-v2)
    - React-Codegen (= 0.68.7)
    - React-Core/RCTVibrationHeaders (= 0.68.7)
    - React-jsi (= 0.68.7)
    - ReactCommon/turbomodule/core (= 0.68.7)
  - React-runtimeexecutor (0.68.7):
    - React-jsi (= 0.68.7)
  - ReactCommon/turbomodule/core (0.68.7):
    - DoubleConversion
    - glog
    - RCT-Folly (= 2021.06.28.00-v2)
    - React-callinvoker (= 0.68.7)
    - React-Core (= 0.68.7)
    - React-cxxreact (= 0.68.7)
    - React-jsi (= 0.68.7)
    - React-logger (= 0.68.7)
    - React-perflogger (= 0.68.7)
  - ReactNativeIncallManager (4.0.0):
    - React-Core
  - rn-fetch-blob (0.12.0):
    - React-Core
  - RNAudioRecorderPlayer (3.5.1):
    - React-Core
  - RNCallKeep (4.3.3):
    - React
  - RNCAsyncStorage (1.17.6):
    - React-Core
  - RNFBApp (15.1.1):
    - Firebase/CoreOnly (= 9.2.0)
    - React-Core
  - RNFBMessaging (15.1.1):
    - Firebase/Messaging (= 9.2.0)
    - React-Core
    - RNFBApp
  - RNNotifee (5.3.0):
    - React-Core
    - RNNotifee/NotifeeCore (= 5.3.0)
  - RNNotifee/NotifeeCore (5.3.0):
    - React-Core
  - RNScreens (3.13.1):
    - React-Core
    - React-RCTImage
  - RNVectorIcons (9.1.0):
    - React-Core
  - Yoga (1.14.0)

DEPENDENCIES:
  - boost (from `../node_modules/react-native/third-party-podspecs/boost.podspec`)
  - DoubleConversion (from `../node_modules/react-native/third-party-podspecs/DoubleConversion.podspec`)
  - FBLazyVector (from `../node_modules/react-native/Libraries/FBLazyVector`)
  - FBReactNativeSpec (from `../node_modules/react-native/React/FBReactNativeSpec`)
  - glog (from `../node_modules/react-native/third-party-podspecs/glog.podspec`)
  - RCT-Folly (from `../node_modules/react-native/third-party-podspecs/RCT-Folly.podspec`)
  - RCTRequired (from `../node_modules/react-native/Libraries/RCTRequired`)
  - RCTTypeSafety (from `../node_modules/react-native/Libraries/TypeSafety`)
  - React (from `../node_modules/react-native/`)
  - React-callinvoker (from `../node_modules/react-native/ReactCommon/callinvoker`)
  - React-Codegen (from `build/generated/ios`)
  - React-Core (from `../node_modules/react-native/`)
  - React-Core/DevSupport (from `../node_modules/react-native/`)
  - React-Core/RCTWebSocket (from `../node_modules/react-native/`)
  - React-CoreModules (from `../node_modules/react-native/React/CoreModules`)
  - React-cxxreact (from `../node_modules/react-native/ReactCommon/cxxreact`)
  - React-jsi (from `../node_modules/react-native/ReactCommon/jsi`)
  - React-jsiexecutor (from `../node_modules/react-native/ReactCommon/jsiexecutor`)
  - React-jsinspector (from `../node_modules/react-native/ReactCommon/jsinspector`)
  - React-logger (from `../node_modules/react-native/ReactCommon/logger`)
  - react-native-background-timer (from `../node_modules/react-native-background-timer`)
  - react-native-document-picker (from `../node_modules/react-native-document-picker`)
  - react-native-geolocation-service (from `../node_modules/react-native-geolocation-service`)
  - react-native-get-random-values (from `../node_modules/react-native-get-random-values`)
  - react-native-image-picker (from `../node_modules/react-native-image-picker`)
  - react-native-safe-area-context (from `../node_modules/react-native-safe-area-context`)
  - react-native-webrtc (from `../node_modules/react-native-webrtc`)
  - react-native-webview (from `../node_modules/react-native-webview`)
  - React-perflogger (from `../node_modules/react-native/ReactCommon/reactperflogger`)
  - React-RCTActionSheet (from `../node_modules/react-native/Libraries/ActionSheetIOS`)
  - React-RCTAnimation (from `../node_modules/react-native/Libraries/NativeAnimation`)
  - React-RCTBlob (from `../node_modules/react-native/Libraries/Blob`)
  - React-RCTImage (from `../node_modules/react-native/Libraries/Image`)
  - React-RCTLinking (from `../node_modules/react-native/Libraries/LinkingIOS`)
  - React-RCTNetwork (from `../node_modules/react-native/Libraries/Network`)
  - React-RCTSettings (from `../node_modules/react-native/Libraries/Settings`)
  - React-RCTText (from `../node_modules/react-native/Libraries/Text`)
  - React-RCTVibration (from `../node_modules/react-native/Libraries/Vibration`)
  - React-runtimeexecutor (from `../node_modules/react-native/ReactCommon/runtimeexecutor`)
  - ReactCommon/turbomodule/core (from `../node_modules/react-native/ReactCommon`)
  - ReactNativeIncallManager (from `../node_modules/react-native-incall-manager`)
  - rn-fetch-blob (from `../node_modules/rn-fetch-blob`)
  - RNAudioRecorderPlayer (from `../node_modules/react-native-audio-recorder-player`)
  - RNCallKeep (from `../node_modules/react-native-callkeep`)
  - "RNCAsyncStorage (from `../node_modules/@react-native-async-storage/async-storage`)"
  - "RNFBApp (from `../node_modules/@react-native-firebase/app`)"
  - "RNFBMessaging (from `../node_modules/@react-native-firebase/messaging`)"
  - "RNNotifee (from `../node_modules/@notifee/react-native`)"
  - RNScreens (from `../node_modules/react-native-screens`)
  - RNVectorIcons (from `../node_modules/react-native-vector-icons`)
  - Yoga (from `../node_modules/react-native/ReactCommon/yoga`)

SPEC REPOS:
  trunk:
    - Firebase
    - FirebaseCore
    - FirebaseCoreDiagnostics
    - FirebaseCoreInternal
    - FirebaseInstallations
    - FirebaseMessaging
    - fmt
    - GoogleDataTransport
    - GoogleUtilities
    - nanopb
    - PromisesObjC

EXTERNAL SOURCES:
  boost:
    :podspec: "../node_modules/react-native/third-party-podspecs/boost.podspec"
  DoubleConversion:
    :podspec: "../node_modules/react-native/third-party-podspecs/DoubleConversion.podspec"
  FBLazyVector:
    :path: "../node_modules/react-native/Libraries/FBLazyVector"
  FBReactNativeSpec:
    :path: "../node_modules/react-native/React/FBReactNativeSpec"
  glog:
    :podspec: "../node_modules/react-native/third-party-podspecs/glog.podspec"
  RCT-Folly:
    :podspec: "../node_modules/react-native/third-party-podspecs/RCT-Folly.podspec"
  RCTRequired:
    :path: "../node_modules/react-native/Libraries/RCTRequired"
  RCTTypeSafety:
    :path: "../node_modules/react-native/Libraries/TypeSafety"
  React:
    :path: "../node_modules/react-native/"
  React-callinvoker:
    :path: "../node_modules/react-native/ReactCommon/callinvoker"
  React-Codegen:
    :path: build/generated/ios
  React-Core:
    :path: "../node_modules/react-native/"
  React-CoreModules:
    :path: "../node_modules/react-native/React/CoreModules"
  React-cxxreact:
    :path: "../node_modules/react-native/ReactCommon/cxxreact"
  React-jsi:
    :path: "../node_modules/react-native/ReactCommon/jsi"
  React-jsiexecutor:
    :path: "../node_modules/react-native/ReactCommon/jsiexecutor"
  React-jsinspector:
    :path: "../node_modules/react-native/ReactCommon/jsinspector"
  React-logger:
    :path: "../node_modules/react-native/ReactCommon/logger"
  react-native-background-timer:
    :path: "../node_modules/react-native-background-timer"
  react-native-document-picker:
    :path: "../node_modules/react-native-document-picker"
  react-native-geolocation-service:
    :path: "../node_modules/react-native-geolocation-service"
  react-native-get-random-values:
    :path: "../node_modules/react-native-get-random-values"
  react-native-image-picker:
    :path: "../node_modules/react-native-image-picker"
  react-native-safe-area-context:
    :path: "../node_modules/react-native-safe-area-context"
  react-native-webrtc:
    :path: "../node_modules/react-native-webrtc"
  react-native-webview:
    :path: "../node_modules/react-native-webview"
  React-perflogger:
    :path: "../node_modules/react-native/ReactCommon/reactperflogger"
  React-RCTActionSheet:
    :path: "../node_modules/react-native/Libraries/ActionSheetIOS"
  React-RCTAnimation:
    :path: "../node_modules/react-native/Libraries/NativeAnimation"
  React-RCTBlob:
    :path: "../node_modules/react-native/Libraries/Blob"
  React-RCTImage:
    :path: "../node_modules/react-native/Libraries/Image"
  React-RCTLinking:
    :path: "../node_modules/react-native/Libraries/LinkingIOS"
  React-RCTNetwork:
    :path: "../node_modules/react-native/Libraries/Network"
  React-RCTSettings:
    :path: "../node_modules/react-native/Libraries/Settings"
  React-RCTText:
    :path: "../node_modules/react-native/Libraries/Text"
  React-RCTVibration:
    :path: "../node_modules/react-native/Libraries/Vibration"
  React-runtimeexecutor:
    :path: "../node_modules/react-native/ReactCommon/runtimeexecutor"
  ReactCommon:
    :path: "../node_modules/react-native/ReactCommon"
  ReactNativeIncallManager:
    :path: "../node_modules/react-native-incall-manager"
  rn-fetch-blob:
    :path: "../node_modules/rn-fetch-blob"
  RNAudioRecorderPlayer:
    :path: "../node_modules/react-native-audio-recorder-player"
  RNCallKeep:
    :path: "../node_modules/react-native-callkeep"
  RNCAsyncStorage:
    :path: "../node_modules/@react-native-async-storage/async-storage"
  RNFBApp:
    :path: "../node_modules/@react-native-firebase/app"
  RNFBMessaging:
    :path: "../node_modules/@react-native-firebase/messaging"
  RNNotifee:
    :path: "../node_modules/@notifee/react-native"
  RNScreens:
    :path: "../node_modules/react-native-screens"
  RNVectorIcons:
    :path: "../node_modules/react-native-vector-icons"
  Yoga:
    :path: "../node_modules/react-native/ReactCommon/yoga"

SPEC CHECKSUMS:
  boost: a7c83b31436843459a1961bfd74b96033dc77234
  DoubleConversion: 831926d9b8bf8166fd87886c4abab286c2422662
  FBLazyVector: 63b89dc85804d5817261f56dc4cfb43a9b6d57f5
  FBReactNativeSpec: 1fa200a9862d9369a53b6fddbbfcdc22bab24062
  Firebase: 4ba896cb8e5105d4b9e247e1c1b6222b548df55a
  FirebaseCore: 0e27f2a15d8f7b7ef11e7d93e23b1cbab55d748c
  FirebaseCoreDiagnostics: 99a495094b10a57eeb3ae8efa1665700ad0bdaa6
  FirebaseCoreInternal: bca76517fe1ed381e989f5e7d8abb0da8d85bed3
  FirebaseInstallations: 0a115432c4e223c5ab20b0dbbe4cbefa793a0e8e
  FirebaseMessaging: 4eaf1b8a7464b2c5e619ad66e9b20ee3e3206b24
  fmt: ff9d55029c625d3757ed641535fd4a75fedc7ce9
  glog: 476ee3e89abb49e07f822b48323c51c57124b572
  GoogleDataTransport: ea169759df570f4e37bdee1623ec32a7e64e67c4
  GoogleUtilities: c2bdc4cf2ce786c4d2e6b3bcfd599a25ca78f06f
  nanopb: b552cce312b6c8484180ef47159bc0f65a1f0431
  PromisesObjC: 09985d6d70fbe7878040aa746d78236e6946d2ef
  RCT-Folly: 4d8508a426467c48885f1151029bc15fa5d7b3b8
  RCTRequired: 530916cd48c5f7cf1fc16966ad5ea01638ca4799
  RCTTypeSafety: 5fb4cb3080efd582e5563c3e9a0e459fc51396c5
  React: 097b19fbc7aecb3bd23de54b462d2051d7ca8a38
  React-callinvoker: 4f118545cf884f0d8fce5bcd6e1847147ea9cc05
  React-Codegen: 24e59be16f8ed24b3e49e5ff0738dad91988c760
  React-Core: 0b464d0bec18dde90fa819c4be14dbcbdbf3077f
  React-CoreModules: 9bb7d5d5530d474cf8514e2dc8274af82a0bcf2f
  React-cxxreact: 027e192b8008ba5c200163ab6ded55d134c839d5
  React-jsi: 9019a0a0b42e9eac6c1e8c251a8dffe65055a2f1
  React-jsiexecutor: 7c0bd030a84f2ec446fb104b7735af2f5ed11eea
  React-jsinspector: cab4d37ebde480f84c79ac89568abbf76b916c3e
  React-logger: b75b80500ea80457b2cf169427d66de986cdcb29
  react-native-background-timer: 17ea5e06803401a379ebf1f20505b793ac44d0fe
  react-native-document-picker: f68191637788994baed5f57d12994aa32cf8bf88
  react-native-geolocation-service: f32ef48fa665bd710207a3ac39bc127cac9cb993
  react-native-get-random-values: a6ea6a8a65dc93e96e24a11105b1a9c8cfe1d72a
  react-native-image-picker: cffb727cf2f59bd5c0408e30b3dbe0b935f88835
  react-native-safe-area-context: ebf8c413eb8b5f7c392a036a315eb7b46b96845f
  react-native-webrtc: 206a0ac12a5633d2ec4605174d7c9f12f0d674b2
  react-native-webview: 8ec7ddf9eb4ddcd92b32cee7907efec19a9ec7cb
  React-perflogger: 44436b315d757100a53dfb1ab6b77c58cb646d7d
  React-RCTActionSheet: 1888a229684762c40cc96c7ff4716f809655dc09
  React-RCTAnimation: f05da175751867521d14b02ab4d3994a7b96f131
  React-RCTBlob: 792b966e48d599383d7a0753f75e8f2ff71be1ce
  React-RCTImage: 065cf66546f625295efd36bce3a1806a9b93399c
  React-RCTLinking: 8246290c072bd2d1f336792038d7ec4b91f9847a
  React-RCTNetwork: 6b2331c74684fae61b1ef38f4510fe5da3de3f3a
  React-RCTSettings: 2898e15b249b085f8b8c7401cfab71983a2d40da
  React-RCTText: bd1da1cd805e0765e3ba9089a9fd807d4860a901
  React-RCTVibration: 2a4bf853281d4981ab471509102300d3c9e6c693
  React-runtimeexecutor: 18932e685b4893be88d1efc18f5f8ca1c9cd39d8
  ReactCommon: 29bb6fad3242e30e9d049bc9d592736fa3da9e50
  ReactNativeIncallManager: b169b57d3064d8f62478f8fc3c485da6c75045d1
  rn-fetch-blob: f065bb7ab7fb48dd002629f8bdcb0336602d3cba
  RNAudioRecorderPlayer: 308940de4f9d1448a064874fd9d83479ae47c7a7
  RNCallKeep: 0654c8913d1bd24a3441c588b22503828793ad63
  RNCAsyncStorage: 466b9df1a14bccda91da86e0b7d9a345d78e1673
  RNFBApp: e3e4af6906a891d46af60340b4313b63eb082de9
  RNFBMessaging: a6b4015aa22521335b2bb804106d2776cde8185b
  RNNotifee: e98a6bb4add6f05e9421ba02683d619b0146d902
  RNScreens: 40a2cb40a02a609938137a1e0acfbf8fc9eebf19
  RNVectorIcons: 7923e585eaeb139b9f4531d25a125a1500162a0b
  Yoga: 0bc4b37c3b8a345336ff601e2cf7d9704bab7e93

PODFILE CHECKSUM: 73b0471216918973033427d7c7258ef8ee0b698c

COCOAPODS: 1.11.3
