
Microsoft Visual Studio Solution File, Format Version 12.00
# Visual Studio Version 16
VisualStudioVersion = 16.0.31515.178
MinimumVisualStudioVersion = 10.0.40219.1
Project("{9A19103F-16F7-4668-BE54-9A1E7A4F7556}") = "IdentityService", "IdentityService\IdentityService.csproj", "{8B3CE8B4-633F-4199-9EE5-C25956BB2DA5}"
EndProject
Global
	GlobalSection(SolutionConfigurationPlatforms) = preSolution
		Debug|Any CPU = Debug|Any CPU
		Release|Any CPU = Release|Any CPU
	EndGlobalSection
	GlobalSection(ProjectConfigurationPlatforms) = postSolution
		{8B3CE8B4-633F-4199-9EE5-C25956BB2DA5}.Debug|Any CPU.ActiveCfg = Debug|Any CPU
		{8B3CE8B4-633F-4199-9EE5-C25956BB2DA5}.Debug|Any CPU.Build.0 = Debug|Any CPU
		{8B3CE8B4-633F-4199-9EE5-C25956BB2DA5}.Release|Any CPU.ActiveCfg = Release|Any CPU
		{8B3CE8B4-633F-4199-9EE5-C25956BB2DA5}.Release|Any CPU.Build.0 = Release|Any CPU
	EndGlobalSection
	GlobalSection(SolutionProperties) = preSolution
		HideSolutionNode = FALSE
	EndGlobalSection
	GlobalSection(ExtensibilityGlobals) = postSolution
		SolutionGuid = {97BEC3E4-43A9-451E-A635-83A612FEBA8B}
	EndGlobalSection
EndGlobal
