
Microsoft Visual Studio Solution File, Format Version 12.00
# Visual Studio Version 17
VisualStudioVersion = 17.1.32228.430
MinimumVisualStudioVersion = 10.0.40219.1
Project("{9A19103F-16F7-4668-BE54-9A1E7A4F7556}") = "IdentityService", "IdentityService\IdentityService.csproj", "{8B3CE8B4-633F-4199-9EE5-C25956BB2DA5}"
EndProject
Project("{2150E333-8FDC-42A3-9474-1A3956D46DE8}") = "Libs", "Libs", "{94BB176E-6247-4F14-83AA-DAF212D983F4}"
EndProject
Project("{9A19103F-16F7-4668-BE54-9A1E7A4F7556}") = "MasterService", "MasterService\MasterService.csproj", "{4393901C-40A2-48CB-BE43-4D12519C7502}"
EndProject
Project("{9A19103F-16F7-4668-BE54-9A1E7A4F7556}") = "Gateway", "Gateway\Gateway.csproj", "{CBDB8212-F448-43CF-A563-F74CFC8546FF}"
EndProject
Project("{9A19103F-16F7-4668-BE54-9A1E7A4F7556}") = "ComService", "ComService\ComService.csproj", "{B682EE79-EDA8-4C9B-B342-F907F041B728}"
EndProject
Project("{2150E333-8FDC-42A3-9474-1A3956D46DE8}") = "_schema", "_schema", "{79F5B075-4907-4650-A875-8BC82BC09810}"
EndProject
Project("{2150E333-8FDC-42A3-9474-1A3956D46DE8}") = "proto", "proto", "{7E983FED-5D80-444F-B956-E5508DBB4A65}"
EndProject
Project("{2150E333-8FDC-42A3-9474-1A3956D46DE8}") = "common", "common", "{7C4F254F-447B-46A2-B2E2-556765CCFA61}"
	ProjectSection(SolutionItems) = preProject
		_schema\proto\common\common.proto = _schema\proto\common\common.proto
	EndProjectSection
EndProject
Project("{2150E333-8FDC-42A3-9474-1A3956D46DE8}") = "master-service", "master-service", "{B2F3A171-AD77-40C2-9B71-62724B597415}"
	ProjectSection(SolutionItems) = preProject
		_schema\proto\master-service\master-service.proto = _schema\proto\master-service\master-service.proto
	EndProjectSection
EndProject
Project("{2150E333-8FDC-42A3-9474-1A3956D46DE8}") = "identity-service", "identity-service", "{8E40E6C0-EDC7-4BE6-AD67-1C6989931F2D}"
	ProjectSection(SolutionItems) = preProject
		_schema\proto\identity-service\identity-service.proto = _schema\proto\identity-service\identity-service.proto
	EndProjectSection
EndProject
Project("{2150E333-8FDC-42A3-9474-1A3956D46DE8}") = "com-service", "com-service", "{CB06E4A7-0502-4001-929E-6500334D6A2F}"
	ProjectSection(SolutionItems) = preProject
		_schema\proto\com-service\com-service.proto = _schema\proto\com-service\com-service.proto
	EndProjectSection
EndProject
Project("{2150E333-8FDC-42A3-9474-1A3956D46DE8}") = "map-service", "map-service", "{5FB95FC2-58ED-411B-9C8C-4887DC0C3A15}"
	ProjectSection(SolutionItems) = preProject
		_schema\proto\map-service\map-service.proto = _schema\proto\map-service\map-service.proto
	EndProjectSection
EndProject
Project("{9A19103F-16F7-4668-BE54-9A1E7A4F7556}") = "MapService", "MapService\MapService.csproj", "{6DF95BF0-842F-4E37-A970-7A86470BE249}"
EndProject
Project("{9A19103F-16F7-4668-BE54-9A1E7A4F7556}") = "NextOne.Shared", "Libs\NextOne.Shared\NextOne.Shared.csproj", "{20DCDB05-570E-4396-943C-F75D0BE93487}"
EndProject
Project("{9A19103F-16F7-4668-BE54-9A1E7A4F7556}") = "NextOne.Infrastructure.OpenTelemetry", "Libs\NextOne.Infrastructure.OpenTelemetry\NextOne.Infrastructure.OpenTelemetry.csproj", "{3A15CF11-EE89-423C-AD9F-956040A6A07D}"
EndProject
Project("{9A19103F-16F7-4668-BE54-9A1E7A4F7556}") = "NextOne.Infrastructure.Core", "Libs\NextOne.Infrastructure.Core\NextOne.Infrastructure.Core.csproj", "{EB3A2FD8-C4F6-43B7-A208-2492FF1CB1F0}"
EndProject
Project("{9A19103F-16F7-4668-BE54-9A1E7A4F7556}") = "NextOne.Infrastructure.Metrics", "Libs\NextOne.Infrastructure.Metrics\NextOne.Infrastructure.Metrics.csproj", "{31ED5A3C-7EBD-4196-948E-FE1696CEF9EC}"
EndProject
Project("{9A19103F-16F7-4668-BE54-9A1E7A4F7556}") = "NextOne.Infrastructure.MassTransit", "Libs\NextOne.Infrastructure.MassTransit\NextOne.Infrastructure.MassTransit.csproj", "{CDBE2EED-E682-4C0E-BE75-A63827A9B129}"
EndProject
Project("{2150E333-8FDC-42A3-9474-1A3956D46DE8}") = "Solution Items", "Solution Items", "{CF9993DE-2443-40F3-BE46-DEF41D54689E}"
	ProjectSection(SolutionItems) = preProject
		ReadMe.md = ReadMe.md
	EndProjectSection
EndProject
Project("{9A19103F-16F7-4668-BE54-9A1E7A4F7556}") = "FileService", "FileService\FileService.csproj", "{ED5ACD5E-8D1C-4306-BFB2-88345B3A7B7A}"
EndProject
Project("{2150E333-8FDC-42A3-9474-1A3956D46DE8}") = "Shared", "Shared", "{6C58E087-80DF-4A03-A47C-569B861345BF}"
EndProject
Project("{9A19103F-16F7-4668-BE54-9A1E7A4F7556}") = "SharedDomain", "SharedDomain\SharedDomain.csproj", "{E159DE03-A431-43A1-A526-F1A63D488635}"
EndProject
Project("{9A19103F-16F7-4668-BE54-9A1E7A4F7556}") = "SharpMap", "Libs\SharpMap\SharpMap\SharpMap.csproj", "{4BBA1C62-947D-4C4B-8757-61534D4D08EF}"
EndProject
Project("{9A19103F-16F7-4668-BE54-9A1E7A4F7556}") = "SharpMap.Layers.BruTile", "Libs\SharpMap\SharpMap.Layers.BruTile\SharpMap.Layers.BruTile.csproj", "{3ED363A5-D7E0-464F-9B3E-2BA96696A879}"
EndProject
Project("{9A19103F-16F7-4668-BE54-9A1E7A4F7556}") = "SharpMap.Converters.GeoJSON", "Libs\SharpMap\SharpMap.Converters.GeoJSON\SharpMap.Converters.GeoJSON.csproj", "{75E4AE55-8EFD-4E8B-8C8F-E2CC1468E57E}"
EndProject
Project("{9A19103F-16F7-4668-BE54-9A1E7A4F7556}") = "NextOne.Infrastructure.MessageBus", "Libs\NextOne.Infrastructure.MessageBus\NextOne.Infrastructure.MessageBus.csproj", "{0D81A9CD-0A94-462C-BE43-81C2606DDEE1}"
EndProject
Project("{FAE04EC0-301F-11D3-BF4B-00C04F79EFBC}") = "UserDomain", "UserDomain\UserDomain.csproj", "{F0CD39CA-50F0-4418-879B-6B100316E0CF}"
EndProject
Global
	GlobalSection(SolutionConfigurationPlatforms) = preSolution
		Debug|Any CPU = Debug|Any CPU
		Release|Any CPU = Release|Any CPU
	EndGlobalSection
	GlobalSection(ProjectConfigurationPlatforms) = postSolution
		{8B3CE8B4-633F-4199-9EE5-C25956BB2DA5}.Debug|Any CPU.ActiveCfg = Debug|Any CPU
		{8B3CE8B4-633F-4199-9EE5-C25956BB2DA5}.Debug|Any CPU.Build.0 = Debug|Any CPU
		{8B3CE8B4-633F-4199-9EE5-C25956BB2DA5}.Release|Any CPU.ActiveCfg = Release|Any CPU
		{8B3CE8B4-633F-4199-9EE5-C25956BB2DA5}.Release|Any CPU.Build.0 = Release|Any CPU
		{4393901C-40A2-48CB-BE43-4D12519C7502}.Debug|Any CPU.ActiveCfg = Debug|Any CPU
		{4393901C-40A2-48CB-BE43-4D12519C7502}.Debug|Any CPU.Build.0 = Debug|Any CPU
		{4393901C-40A2-48CB-BE43-4D12519C7502}.Release|Any CPU.ActiveCfg = Release|Any CPU
		{4393901C-40A2-48CB-BE43-4D12519C7502}.Release|Any CPU.Build.0 = Release|Any CPU
		{CBDB8212-F448-43CF-A563-F74CFC8546FF}.Debug|Any CPU.ActiveCfg = Debug|Any CPU
		{CBDB8212-F448-43CF-A563-F74CFC8546FF}.Debug|Any CPU.Build.0 = Debug|Any CPU
		{CBDB8212-F448-43CF-A563-F74CFC8546FF}.Release|Any CPU.ActiveCfg = Release|Any CPU
		{CBDB8212-F448-43CF-A563-F74CFC8546FF}.Release|Any CPU.Build.0 = Release|Any CPU
		{B682EE79-EDA8-4C9B-B342-F907F041B728}.Debug|Any CPU.ActiveCfg = Debug|Any CPU
		{B682EE79-EDA8-4C9B-B342-F907F041B728}.Debug|Any CPU.Build.0 = Debug|Any CPU
		{B682EE79-EDA8-4C9B-B342-F907F041B728}.Release|Any CPU.ActiveCfg = Release|Any CPU
		{B682EE79-EDA8-4C9B-B342-F907F041B728}.Release|Any CPU.Build.0 = Release|Any CPU
		{6DF95BF0-842F-4E37-A970-7A86470BE249}.Debug|Any CPU.ActiveCfg = Debug|Any CPU
		{6DF95BF0-842F-4E37-A970-7A86470BE249}.Debug|Any CPU.Build.0 = Debug|Any CPU
		{6DF95BF0-842F-4E37-A970-7A86470BE249}.Release|Any CPU.ActiveCfg = Release|Any CPU
		{6DF95BF0-842F-4E37-A970-7A86470BE249}.Release|Any CPU.Build.0 = Release|Any CPU
		{20DCDB05-570E-4396-943C-F75D0BE93487}.Debug|Any CPU.ActiveCfg = Debug|Any CPU
		{20DCDB05-570E-4396-943C-F75D0BE93487}.Debug|Any CPU.Build.0 = Debug|Any CPU
		{20DCDB05-570E-4396-943C-F75D0BE93487}.Release|Any CPU.ActiveCfg = Release|Any CPU
		{20DCDB05-570E-4396-943C-F75D0BE93487}.Release|Any CPU.Build.0 = Release|Any CPU
		{3A15CF11-EE89-423C-AD9F-956040A6A07D}.Debug|Any CPU.ActiveCfg = Debug|Any CPU
		{3A15CF11-EE89-423C-AD9F-956040A6A07D}.Debug|Any CPU.Build.0 = Debug|Any CPU
		{3A15CF11-EE89-423C-AD9F-956040A6A07D}.Release|Any CPU.ActiveCfg = Release|Any CPU
		{3A15CF11-EE89-423C-AD9F-956040A6A07D}.Release|Any CPU.Build.0 = Release|Any CPU
		{EB3A2FD8-C4F6-43B7-A208-2492FF1CB1F0}.Debug|Any CPU.ActiveCfg = Debug|Any CPU
		{EB3A2FD8-C4F6-43B7-A208-2492FF1CB1F0}.Debug|Any CPU.Build.0 = Debug|Any CPU
		{EB3A2FD8-C4F6-43B7-A208-2492FF1CB1F0}.Release|Any CPU.ActiveCfg = Release|Any CPU
		{EB3A2FD8-C4F6-43B7-A208-2492FF1CB1F0}.Release|Any CPU.Build.0 = Release|Any CPU
		{31ED5A3C-7EBD-4196-948E-FE1696CEF9EC}.Debug|Any CPU.ActiveCfg = Debug|Any CPU
		{31ED5A3C-7EBD-4196-948E-FE1696CEF9EC}.Debug|Any CPU.Build.0 = Debug|Any CPU
		{31ED5A3C-7EBD-4196-948E-FE1696CEF9EC}.Release|Any CPU.ActiveCfg = Release|Any CPU
		{31ED5A3C-7EBD-4196-948E-FE1696CEF9EC}.Release|Any CPU.Build.0 = Release|Any CPU
		{CDBE2EED-E682-4C0E-BE75-A63827A9B129}.Debug|Any CPU.ActiveCfg = Debug|Any CPU
		{CDBE2EED-E682-4C0E-BE75-A63827A9B129}.Debug|Any CPU.Build.0 = Debug|Any CPU
		{CDBE2EED-E682-4C0E-BE75-A63827A9B129}.Release|Any CPU.ActiveCfg = Release|Any CPU
		{CDBE2EED-E682-4C0E-BE75-A63827A9B129}.Release|Any CPU.Build.0 = Release|Any CPU
		{ED5ACD5E-8D1C-4306-BFB2-88345B3A7B7A}.Debug|Any CPU.ActiveCfg = Debug|Any CPU
		{ED5ACD5E-8D1C-4306-BFB2-88345B3A7B7A}.Debug|Any CPU.Build.0 = Debug|Any CPU
		{ED5ACD5E-8D1C-4306-BFB2-88345B3A7B7A}.Release|Any CPU.ActiveCfg = Release|Any CPU
		{ED5ACD5E-8D1C-4306-BFB2-88345B3A7B7A}.Release|Any CPU.Build.0 = Release|Any CPU
		{E159DE03-A431-43A1-A526-F1A63D488635}.Debug|Any CPU.ActiveCfg = Debug|Any CPU
		{E159DE03-A431-43A1-A526-F1A63D488635}.Debug|Any CPU.Build.0 = Debug|Any CPU
		{E159DE03-A431-43A1-A526-F1A63D488635}.Release|Any CPU.ActiveCfg = Release|Any CPU
		{E159DE03-A431-43A1-A526-F1A63D488635}.Release|Any CPU.Build.0 = Release|Any CPU
		{4BBA1C62-947D-4C4B-8757-61534D4D08EF}.Debug|Any CPU.ActiveCfg = Debug|Any CPU
		{4BBA1C62-947D-4C4B-8757-61534D4D08EF}.Debug|Any CPU.Build.0 = Debug|Any CPU
		{4BBA1C62-947D-4C4B-8757-61534D4D08EF}.Release|Any CPU.ActiveCfg = Release|Any CPU
		{4BBA1C62-947D-4C4B-8757-61534D4D08EF}.Release|Any CPU.Build.0 = Release|Any CPU
		{3ED363A5-D7E0-464F-9B3E-2BA96696A879}.Debug|Any CPU.ActiveCfg = Debug|Any CPU
		{3ED363A5-D7E0-464F-9B3E-2BA96696A879}.Debug|Any CPU.Build.0 = Debug|Any CPU
		{3ED363A5-D7E0-464F-9B3E-2BA96696A879}.Release|Any CPU.ActiveCfg = Release|Any CPU
		{3ED363A5-D7E0-464F-9B3E-2BA96696A879}.Release|Any CPU.Build.0 = Release|Any CPU
		{75E4AE55-8EFD-4E8B-8C8F-E2CC1468E57E}.Debug|Any CPU.ActiveCfg = Debug|Any CPU
		{75E4AE55-8EFD-4E8B-8C8F-E2CC1468E57E}.Debug|Any CPU.Build.0 = Debug|Any CPU
		{75E4AE55-8EFD-4E8B-8C8F-E2CC1468E57E}.Release|Any CPU.ActiveCfg = Release|Any CPU
		{75E4AE55-8EFD-4E8B-8C8F-E2CC1468E57E}.Release|Any CPU.Build.0 = Release|Any CPU
		{0D81A9CD-0A94-462C-BE43-81C2606DDEE1}.Debug|Any CPU.ActiveCfg = Debug|Any CPU
		{0D81A9CD-0A94-462C-BE43-81C2606DDEE1}.Debug|Any CPU.Build.0 = Debug|Any CPU
		{0D81A9CD-0A94-462C-BE43-81C2606DDEE1}.Release|Any CPU.ActiveCfg = Release|Any CPU
		{0D81A9CD-0A94-462C-BE43-81C2606DDEE1}.Release|Any CPU.Build.0 = Release|Any CPU
		{F0CD39CA-50F0-4418-879B-6B100316E0CF}.Debug|Any CPU.ActiveCfg = Debug|Any CPU
		{F0CD39CA-50F0-4418-879B-6B100316E0CF}.Debug|Any CPU.Build.0 = Debug|Any CPU
		{F0CD39CA-50F0-4418-879B-6B100316E0CF}.Release|Any CPU.ActiveCfg = Release|Any CPU
		{F0CD39CA-50F0-4418-879B-6B100316E0CF}.Release|Any CPU.Build.0 = Release|Any CPU
	EndGlobalSection
	GlobalSection(SolutionProperties) = preSolution
		HideSolutionNode = FALSE
	EndGlobalSection
	GlobalSection(NestedProjects) = preSolution
		{7E983FED-5D80-444F-B956-E5508DBB4A65} = {79F5B075-4907-4650-A875-8BC82BC09810}
		{7C4F254F-447B-46A2-B2E2-556765CCFA61} = {7E983FED-5D80-444F-B956-E5508DBB4A65}
		{B2F3A171-AD77-40C2-9B71-62724B597415} = {7E983FED-5D80-444F-B956-E5508DBB4A65}
		{8E40E6C0-EDC7-4BE6-AD67-1C6989931F2D} = {7E983FED-5D80-444F-B956-E5508DBB4A65}
		{CB06E4A7-0502-4001-929E-6500334D6A2F} = {7E983FED-5D80-444F-B956-E5508DBB4A65}
		{5FB95FC2-58ED-411B-9C8C-4887DC0C3A15} = {7E983FED-5D80-444F-B956-E5508DBB4A65}
		{20DCDB05-570E-4396-943C-F75D0BE93487} = {94BB176E-6247-4F14-83AA-DAF212D983F4}
		{3A15CF11-EE89-423C-AD9F-956040A6A07D} = {94BB176E-6247-4F14-83AA-DAF212D983F4}
		{EB3A2FD8-C4F6-43B7-A208-2492FF1CB1F0} = {94BB176E-6247-4F14-83AA-DAF212D983F4}
		{31ED5A3C-7EBD-4196-948E-FE1696CEF9EC} = {94BB176E-6247-4F14-83AA-DAF212D983F4}
		{CDBE2EED-E682-4C0E-BE75-A63827A9B129} = {94BB176E-6247-4F14-83AA-DAF212D983F4}
		{E159DE03-A431-43A1-A526-F1A63D488635} = {6C58E087-80DF-4A03-A47C-569B861345BF}
		{4BBA1C62-947D-4C4B-8757-61534D4D08EF} = {94BB176E-6247-4F14-83AA-DAF212D983F4}
		{3ED363A5-D7E0-464F-9B3E-2BA96696A879} = {94BB176E-6247-4F14-83AA-DAF212D983F4}
		{75E4AE55-8EFD-4E8B-8C8F-E2CC1468E57E} = {94BB176E-6247-4F14-83AA-DAF212D983F4}
		{0D81A9CD-0A94-462C-BE43-81C2606DDEE1} = {94BB176E-6247-4F14-83AA-DAF212D983F4}
		{F0CD39CA-50F0-4418-879B-6B100316E0CF} = {6C58E087-80DF-4A03-A47C-569B861345BF}
	EndGlobalSection
	GlobalSection(ExtensibilityGlobals) = postSolution
		SolutionGuid = {97BEC3E4-43A9-451E-A635-83A612FEBA8B}
	EndGlobalSection
EndGlobal
